
Microsoft Visual Studio Solution File, Format Version 12.00
# Visual Studio Version 16
VisualStudioVersion = 16.0.29230.47
MinimumVisualStudioVersion = 10.0.40219.1
Project("{FAE04EC0-301F-11D3-BF4B-00C04F79EFBC}") = "HP.Ecommerce", "HP.Ecommerce\HP.Ecommerce.csproj", "{4F68D082-6AA9-4F00-9E3E-A63B5AD42565}"
EndProject
Global
	GlobalSection(SolutionConfigurationPlatforms) = preSolution
		Debug|Any CPU = Debug|Any CPU
		Release|Any CPU = Release|Any CPU
	EndGlobalSection
	GlobalSection(ProjectConfigurationPlatforms) = postSolution
		{4F68D082-6AA9-4F00-9E3E-A63B5AD42565}.Debug|Any CPU.ActiveCfg = Debug|Any CPU
		{4F68D082-6AA9-4F00-9E3E-A63B5AD42565}.Debug|Any CPU.Build.0 = Debug|Any CPU
		{4F68D082-6AA9-4F00-9E3E-A63B5AD42565}.Release|Any CPU.ActiveCfg = Release|Any CPU
		{4F68D082-6AA9-4F00-9E3E-A63B5AD42565}.Release|Any CPU.Build.0 = Release|Any CPU
	EndGlobalSection
	GlobalSection(SolutionProperties) = preSolution
		HideSolutionNode = FALSE
	EndGlobalSection
	GlobalSection(ExtensibilityGlobals) = postSolution
		SolutionGuid = {0C83592F-EA17-44A8-BE3B-502D4111EFE0}
	EndGlobalSection
EndGlobal
